{
  "nodes": {
    "nixpkgs": {
      "locked": {
        "lastModified": 1736139540,
        "narHash": "sha256-39Iclrd+9tPLmvuFVyoG63WnHZJ9kCOC6eRytRYLAWw=",
        "owner": "NixOS",
        "repo": "nixpkgs",
        "rev": "8ab83a21276434aaf44969b8dd0bc0e65b97a240",
        "type": "github"
      },
      "original": {
        "owner": "NixOS",
        "repo": "nixpkgs",
        "rev": "8ab83a21276434aaf44969b8dd0bc0e65b97a240",
        "type": "github"
      }
    },
    "root": {
      "inputs": {
        "nixpkgs": "nixpkgs"
      }
    }
  },
  "root": "root",
  "version": 7
}
